// !$*UTF8*$!
{
	archiveVersion = 1;
	classes = {
	};
	objectVersion = 77;
	objects = {

/* Begin PBXBuildFile section */
		CA0000012E091F1900361CD4 /* Alamofire in Frameworks */ = {isa = PBXBuildFile; productRef = CA0000112E091F1900361CD4 /* Alamofire */; };
		CA0000022E091F1900361CD4 /* SwiftSoup in Frameworks */ = {isa = PBXBuildFile; productRef = CA0000122E091F1900361CD4 /* SwiftSoup */; };
		CA0000032E091F1900361CD4 /* Fuzi in Frameworks */ = {isa = PBXBuildFile; productRef = CA0000132E091F1900361CD4 /* Fuzi */; };
		CA0000042E091F1900361CD4 /* Sextant in Frameworks */ = {isa = PBXBuildFile; productRef = CA0000142E091F1900361CD4 /* Sextant */; };
		CA0000052E091F1900361CD4 /* Kingfisher in Frameworks */ = {isa = PBXBuildFile; productRef = CA0000152E091F1900361CD4 /* Kingfisher */; };
		CA0000062E091F1900361CD4 /* ZIPFoundation in Frameworks */ = {isa = PBXBuildFile; productRef = CA0000162E091F1900361CD4 /* ZIPFoundation */; };
		CA0000072E091F1900361CD4 /* GRDB in Frameworks */ = {isa = PBXBuildFile; productRef = CA0000172E091F1900361CD4 /* GRDB */; };
		CA0000082E091F1900361CD4 /* CocoaLumberjack in Frameworks */ = {isa = PBXBuildFile; productRef = CA0000182E091F1900361CD4 /* CocoaLumberjack */; };
/* End PBXBuildFile section */

/* Begin PBXFileReference section */
		96987AAF2E091F1900361CD4 /* legado.app */ = {isa = PBXFileReference; explicitFileType = wrapper.application; includeInIndex = 0; path = legado.app; sourceTree = BUILT_PRODUCTS_DIR; };
/* End PBXFileReference section */

/* Begin PBXFileSystemSynchronizedRootGroup section */
		96987AB12E091F1900361CD4 /* legado */ = {
			isa = PBXFileSystemSynchronizedRootGroup;
			path = legado;
			sourceTree = "<group>";
		};
/* End PBXFileSystemSynchronizedRootGroup section */

/* Begin PBXFrameworksBuildPhase section */
		96987AAC2E091F1900361CD4 /* Frameworks */ = {
			isa = PBXFrameworksBuildPhase;
			buildActionMask = 2147483647;
			files = (
				CA0000012E091F1900361CD4 /* Alamofire in Frameworks */,
				CA0000022E091F1900361CD4 /* SwiftSoup in Frameworks */,
				CA0000032E091F1900361CD4 /* Fuzi in Frameworks */,
				CA0000042E091F1900361CD4 /* Sextant in Frameworks */,
				CA0000052E091F1900361CD4 /* Kingfisher in Frameworks */,
				CA0000062E091F1900361CD4 /* ZIPFoundation in Frameworks */,
				CA0000072E091F1900361CD4 /* GRDB in Frameworks */,
				CA0000082E091F1900361CD4 /* CocoaLumberjack in Frameworks */,
			);
			runOnlyForDeploymentPostprocessing = 0;
		};
/* End PBXFrameworksBuildPhase section */

/* Begin PBXGroup section */
		96987AA62E091F1900361CD4 = {
			isa = PBXGroup;
			children = (
				96987AB12E091F1900361CD4 /* legado */,
				96987AB02E091F1900361CD4 /* Products */,
			);
			sourceTree = "<group>";
		};
		96987AB02E091F1900361CD4 /* Products */ = {
			isa = PBXGroup;
			children = (
				96987AAF2E091F1900361CD4 /* legado.app */,
			);
			name = Products;
			sourceTree = "<group>";
		};
/* End PBXGroup section */

/* Begin PBXNativeTarget section */
		96987AAE2E091F1900361CD4 /* legado */ = {
			isa = PBXNativeTarget;
			buildConfigurationList = 96987ABD2E091F1B00361CD4 /* Build configuration list for PBXNativeTarget "legado" */;
			buildPhases = (
				96987AAB2E091F1900361CD4 /* Sources */,
				96987AAC2E091F1900361CD4 /* Frameworks */,
				96987AAD2E091F1900361CD4 /* Resources */,
			);
			buildRules = (
			);
			dependencies = (
			);
			fileSystemSynchronizedGroups = (
				96987AB12E091F1900361CD4 /* legado */,
			);
			name = legado;
			packageProductDependencies = (
				CA0000112E091F1900361CD4 /* Alamofire */,
				CA0000122E091F1900361CD4 /* SwiftSoup */,
				CA0000132E091F1900361CD4 /* Fuzi */,
				CA0000142E091F1900361CD4 /* Sextant */,
				CA0000152E091F1900361CD4 /* Kingfisher */,
				CA0000162E091F1900361CD4 /* ZIPFoundation */,
				CA0000172E091F1900361CD4 /* GRDB */,
				CA0000182E091F1900361CD4 /* CocoaLumberjack */,
			);
			productName = legado;
			productReference = 96987AAF2E091F1900361CD4 /* legado.app */;
			productType = "com.apple.product-type.application";
		};
/* End PBXNativeTarget section */

/* Begin PBXProject section */
		96987AA72E091F1900361CD4 /* Project object */ = {
			isa = PBXProject;
			attributes = {
				BuildIndependentTargetsInParallel = 1;
				LastSwiftUpdateCheck = 1620;
				LastUpgradeCheck = 1620;
				TargetAttributes = {
					96987AAE2E091F1900361CD4 = {
						CreatedOnToolsVersion = 16.2;
					};
				};
			};
			buildConfigurationList = 96987AAA2E091F1900361CD4 /* Build configuration list for PBXProject "legado" */;
			developmentRegion = en;
			hasScannedForEncodings = 0;
			knownRegions = (
				en,
				Base,
			);
			mainGroup = 96987AA62E091F1900361CD4;
			minimizedProjectReferenceProxies = 1;
			packageReferences = (
				CA0000212E091F1900361CD4 /* XCRemoteSwiftPackageReference "Alamofire" */,
				CA0000222E091F1900361CD4 /* XCRemoteSwiftPackageReference "SwiftSoup" */,
				CA0000232E091F1900361CD4 /* XCRemoteSwiftPackageReference "Fuzi" */,
				CA0000242E091F1900361CD4 /* XCRemoteSwiftPackageReference "Sextant" */,
				CA0000252E091F1900361CD4 /* XCRemoteSwiftPackageReference "Kingfisher" */,
				CA0000262E091F1900361CD4 /* XCRemoteSwiftPackageReference "ZIPFoundation" */,
				CA0000272E091F1900361CD4 /* XCRemoteSwiftPackageReference "GRDB" */,
				CA0000282E091F1900361CD4 /* XCRemoteSwiftPackageReference "CocoaLumberjack" */,
			);
			preferredProjectObjectVersion = 77;
			productRefGroup = 96987AB02E091F1900361CD4 /* Products */;
			projectDirPath = "";
			projectRoot = "";
			targets = (
				96987AAE2E091F1900361CD4 /* legado */,
			);
		};
/* End PBXProject section */

/* Begin PBXResourcesBuildPhase section */
		96987AAD2E091F1900361CD4 /* Resources */ = {
			isa = PBXResourcesBuildPhase;
			buildActionMask = 2147483647;
			files = (
			);
			runOnlyForDeploymentPostprocessing = 0;
		};
/* End PBXResourcesBuildPhase section */

/* Begin PBXSourcesBuildPhase section */
		96987AAB2E091F1900361CD4 /* Sources */ = {
			isa = PBXSourcesBuildPhase;
			buildActionMask = 2147483647;
			files = (
			);
			runOnlyForDeploymentPostprocessing = 0;
		};
/* End PBXSourcesBuildPhase section */

/* Begin XCBuildConfiguration section */
		96987ABB2E091F1B00361CD4 /* Debug */ = {
			isa = XCBuildConfiguration;
			buildSettings = {
				ALWAYS_SEARCH_USER_PATHS = NO;
				ASSETCATALOG_COMPILER_GENERATE_SWIFT_ASSET_SYMBOL_EXTENSIONS = YES;
				CLANG_ANALYZER_NONNULL = YES;
				CLANG_ANALYZER_NUMBER_OBJECT_CONVERSION = YES_AGGRESSIVE;
				CLANG_CXX_LANGUAGE_STANDARD = "gnu++20";
				CLANG_ENABLE_MODULES = YES;
				CLANG_ENABLE_OBJC_ARC = YES;
				CLANG_ENABLE_OBJC_WEAK = YES;
				CLANG_WARN_BLOCK_CAPTURE_AUTORELEASING = YES;
				CLANG_WARN_BOOL_CONVERSION = YES;
				CLANG_WARN_COMMA = YES;
				CLANG_WARN_CONSTANT_CONVERSION = YES;
				CLANG_WARN_DEPRECATED_OBJC_IMPLEMENTATIONS = YES;
				CLANG_WARN_DIRECT_OBJC_ISA_USAGE = YES_ERROR;
				CLANG_WARN_DOCUMENTATION_COMMENTS = YES;
				CLANG_WARN_EMPTY_BODY = YES;
				CLANG_WARN_ENUM_CONVERSION = YES;
				CLANG_WARN_INFINITE_RECURSION = YES;
				CLANG_WARN_INT_CONVERSION = YES;
				CLANG_WARN_NON_LITERAL_NULL_CONVERSION = YES;
				CLANG_WARN_OBJC_IMPLICIT_RETAIN_SELF = YES;
				CLANG_WARN_OBJC_LITERAL_CONVERSION = YES;
				CLANG_WARN_OBJC_ROOT_CLASS = YES_ERROR;
				CLANG_WARN_QUOTED_INCLUDE_IN_FRAMEWORK_HEADER = YES;
				CLANG_WARN_RANGE_LOOP_ANALYSIS = YES;
				CLANG_WARN_STRICT_PROTOTYPES = YES;
				CLANG_WARN_SUSPICIOUS_MOVE = YES;
				CLANG_WARN_UNGUARDED_AVAILABILITY = YES_AGGRESSIVE;
				CLANG_WARN_UNREACHABLE_CODE = YES;
				CLANG_WARN__DUPLICATE_METHOD_MATCH = YES;
				COPY_PHASE_STRIP = NO;
				DEBUG_INFORMATION_FORMAT = dwarf;
				ENABLE_STRICT_OBJC_MSGSEND = YES;
				ENABLE_TESTABILITY = YES;
				ENABLE_USER_SCRIPT_SANDBOXING = YES;
				GCC_C_LANGUAGE_STANDARD = gnu17;
				GCC_DYNAMIC_NO_PIC = NO;
				GCC_NO_COMMON_BLOCKS = YES;
				GCC_OPTIMIZATION_LEVEL = 0;
				GCC_PREPROCESSOR_DEFINITIONS = (
					"DEBUG=1",
					"$(inherited)",
				);
				GCC_WARN_64_TO_32_BIT_CONVERSION = YES;
				GCC_WARN_ABOUT_RETURN_TYPE = YES_ERROR;
				GCC_WARN_UNDECLARED_SELECTOR = YES;
				GCC_WARN_UNINITIALIZED_AUTOS = YES_AGGRESSIVE;
				GCC_WARN_UNUSED_FUNCTION = YES;
				GCC_WARN_UNUSED_VARIABLE = YES;
				IPHONEOS_DEPLOYMENT_TARGET = 18.2;
				LOCALIZATION_PREFERS_STRING_CATALOGS = YES;
				MTL_ENABLE_DEBUG_INFO = INCLUDE_SOURCE;
				MTL_FAST_MATH = YES;
				ONLY_ACTIVE_ARCH = YES;
				SDKROOT = iphoneos;
				SWIFT_ACTIVE_COMPILATION_CONDITIONS = "DEBUG $(inherited)";
				SWIFT_OPTIMIZATION_LEVEL = "-Onone";
			};
			name = Debug;
		};
		96987ABC2E091F1B00361CD4 /* Release */ = {
			isa = XCBuildConfiguration;
			buildSettings = {
				ALWAYS_SEARCH_USER_PATHS = NO;
				ASSETCATALOG_COMPILER_GENERATE_SWIFT_ASSET_SYMBOL_EXTENSIONS = YES;
				CLANG_ANALYZER_NONNULL = YES;
				CLANG_ANALYZER_NUMBER_OBJECT_CONVERSION = YES_AGGRESSIVE;
				CLANG_CXX_LANGUAGE_STANDARD = "gnu++20";
				CLANG_ENABLE_MODULES = YES;
				CLANG_ENABLE_OBJC_ARC = YES;
				CLANG_ENABLE_OBJC_WEAK = YES;
				CLANG_WARN_BLOCK_CAPTURE_AUTORELEASING = YES;
				CLANG_WARN_BOOL_CONVERSION = YES;
				CLANG_WARN_COMMA = YES;
				CLANG_WARN_CONSTANT_CONVERSION = YES;
				CLANG_WARN_DEPRECATED_OBJC_IMPLEMENTATIONS = YES;
				CLANG_WARN_DIRECT_OBJC_ISA_USAGE = YES_ERROR;
				CLANG_WARN_DOCUMENTATION_COMMENTS = YES;
				CLANG_WARN_EMPTY_BODY = YES;
				CLANG_WARN_ENUM_CONVERSION = YES;
				CLANG_WARN_INFINITE_RECURSION = YES;
				CLANG_WARN_INT_CONVERSION = YES;
				CLANG_WARN_NON_LITERAL_NULL_CONVERSION = YES;
				CLANG_WARN_OBJC_IMPLICIT_RETAIN_SELF = YES;
				CLANG_WARN_OBJC_LITERAL_CONVERSION = YES;
				CLANG_WARN_OBJC_ROOT_CLASS = YES_ERROR;
				CLANG_WARN_QUOTED_INCLUDE_IN_FRAMEWORK_HEADER = YES;
				CLANG_WARN_RANGE_LOOP_ANALYSIS = YES;
				CLANG_WARN_STRICT_PROTOTYPES = YES;
				CLANG_WARN_SUSPICIOUS_MOVE = YES;
				CLANG_WARN_UNGUARDED_AVAILABILITY = YES_AGGRESSIVE;
				CLANG_WARN_UNREACHABLE_CODE = YES;
				CLANG_WARN__DUPLICATE_METHOD_MATCH = YES;
				COPY_PHASE_STRIP = NO;
				DEBUG_INFORMATION_FORMAT = "dwarf-with-dsym";
				ENABLE_NS_ASSERTIONS = NO;
				ENABLE_STRICT_OBJC_MSGSEND = YES;
				ENABLE_USER_SCRIPT_SANDBOXING = YES;
				GCC_C_LANGUAGE_STANDARD = gnu17;
				GCC_NO_COMMON_BLOCKS = YES;
				GCC_WARN_64_TO_32_BIT_CONVERSION = YES;
				GCC_WARN_ABOUT_RETURN_TYPE = YES_ERROR;
				GCC_WARN_UNDECLARED_SELECTOR = YES;
				GCC_WARN_UNINITIALIZED_AUTOS = YES_AGGRESSIVE;
				GCC_WARN_UNUSED_FUNCTION = YES;
				GCC_WARN_UNUSED_VARIABLE = YES;
				IPHONEOS_DEPLOYMENT_TARGET = 18.2;
				LOCALIZATION_PREFERS_STRING_CATALOGS = YES;
				MTL_ENABLE_DEBUG_INFO = NO;
				MTL_FAST_MATH = YES;
				SDKROOT = iphoneos;
				SWIFT_COMPILATION_MODE = wholemodule;
				VALIDATE_PRODUCT = YES;
			};
			name = Release;
		};
		96987ABE2E091F1B00361CD4 /* Debug */ = {
			isa = XCBuildConfiguration;
			buildSettings = {
				ASSETCATALOG_COMPILER_APPICON_NAME = AppIcon;
				ASSETCATALOG_COMPILER_GLOBAL_ACCENT_COLOR_NAME = AccentColor;
				CODE_SIGN_STYLE = Automatic;
				CURRENT_PROJECT_VERSION = 1;
				DEVELOPMENT_ASSET_PATHS = "\"legado/Preview Content\"";
				DEVELOPMENT_TEAM = 3YW5DEVKT2;
				ENABLE_PREVIEWS = YES;
				GENERATE_INFOPLIST_FILE = YES;
				INFOPLIST_FILE = Info.plist;
				INFOPLIST_KEY_UIApplicationSceneManifest_Generation = NO;
				INFOPLIST_KEY_UIApplicationSupportsIndirectInputEvents = YES;
				INFOPLIST_KEY_UILaunchScreen_Generation = YES;
				INFOPLIST_KEY_UISupportedInterfaceOrientations_iPad = "UIInterfaceOrientationPortrait UIInterfaceOrientationPortraitUpsideDown UIInterfaceOrientationLandscapeLeft UIInterfaceOrientationLandscapeRight";
				INFOPLIST_KEY_UISupportedInterfaceOrientations_iPhone = "UIInterfaceOrientationPortrait UIInterfaceOrientationLandscapeLeft UIInterfaceOrientationLandscapeRight";
				LD_RUNPATH_SEARCH_PATHS = (
					"$(inherited)",
					"@executable_path/Frameworks",
				);
				MARKETING_VERSION = 1.0;
				PRODUCT_BUNDLE_IDENTIFIER = txy.legado.legado;
				PRODUCT_NAME = "$(TARGET_NAME)";
				SWIFT_EMIT_LOC_STRINGS = YES;
				SWIFT_VERSION = 5.0;
				TARGETED_DEVICE_FAMILY = "1,2";
			};
			name = Debug;
		};
		96987ABF2E091F1B00361CD4 /* Release */ = {
			isa = XCBuildConfiguration;
			buildSettings = {
				ASSETCATALOG_COMPILER_APPICON_NAME = AppIcon;
				ASSETCATALOG_COMPILER_GLOBAL_ACCENT_COLOR_NAME = AccentColor;
				CODE_SIGN_STYLE = Automatic;
				CURRENT_PROJECT_VERSION = 1;
				DEVELOPMENT_ASSET_PATHS = "\"legado/Preview Content\"";
				DEVELOPMENT_TEAM = 3YW5DEVKT2;
				ENABLE_PREVIEWS = YES;
				GENERATE_INFOPLIST_FILE = YES;
				INFOPLIST_FILE = Info.plist;
				INFOPLIST_KEY_UIApplicationSceneManifest_Generation = NO;
				INFOPLIST_KEY_UIApplicationSupportsIndirectInputEvents = YES;
				INFOPLIST_KEY_UILaunchScreen_Generation = YES;
				INFOPLIST_KEY_UISupportedInterfaceOrientations_iPad = "UIInterfaceOrientationPortrait UIInterfaceOrientationPortraitUpsideDown UIInterfaceOrientationLandscapeLeft UIInterfaceOrientationLandscapeRight";
				INFOPLIST_KEY_UISupportedInterfaceOrientations_iPhone = "UIInterfaceOrientationPortrait UIInterfaceOrientationLandscapeLeft UIInterfaceOrientationLandscapeRight";
				LD_RUNPATH_SEARCH_PATHS = (
					"$(inherited)",
					"@executable_path/Frameworks",
				);
				MARKETING_VERSION = 1.0;
				PRODUCT_BUNDLE_IDENTIFIER = txy.legado.legado;
				PRODUCT_NAME = "$(TARGET_NAME)";
				SWIFT_EMIT_LOC_STRINGS = YES;
				SWIFT_VERSION = 5.0;
				TARGETED_DEVICE_FAMILY = "1,2";
			};
			name = Release;
		};
/* End XCBuildConfiguration section */

/* Begin XCConfigurationList section */
		96987AAA2E091F1900361CD4 /* Build configuration list for PBXProject "legado" */ = {
			isa = XCConfigurationList;
			buildConfigurations = (
				96987ABB2E091F1B00361CD4 /* Debug */,
				96987ABC2E091F1B00361CD4 /* Release */,
			);
			defaultConfigurationIsVisible = 0;
			defaultConfigurationName = Release;
		};
		96987ABD2E091F1B00361CD4 /* Build configuration list for PBXNativeTarget "legado" */ = {
			isa = XCConfigurationList;
			buildConfigurations = (
				96987ABE2E091F1B00361CD4 /* Debug */,
				96987ABF2E091F1B00361CD4 /* Release */,
			);
			defaultConfigurationIsVisible = 0;
			defaultConfigurationName = Release;
		};
/* End XCConfigurationList section */

/* Begin XCRemoteSwiftPackageReference section */
		CA0000212E091F1900361CD4 /* XCRemoteSwiftPackageReference "Alamofire" */ = {
			isa = XCRemoteSwiftPackageReference;
			repositoryURL = "https://github.com/Alamofire/Alamofire";
			requirement = {
				kind = upToNextMajorVersion;
				minimumVersion = 5.8.0;
			};
		};
		CA0000222E091F1900361CD4 /* XCRemoteSwiftPackageReference "SwiftSoup" */ = {
			isa = XCRemoteSwiftPackageReference;
			repositoryURL = "https://github.com/scinfu/SwiftSoup";
			requirement = {
				kind = upToNextMajorVersion;
				minimumVersion = 2.6.0;
			};
		};
		CA0000232E091F1900361CD4 /* XCRemoteSwiftPackageReference "Fuzi" */ = {
			isa = XCRemoteSwiftPackageReference;
			repositoryURL = "https://github.com/cezheng/Fuzi";
			requirement = {
				kind = upToNextMajorVersion;
				minimumVersion = 3.1.0;
			};
		};
		CA0000242E091F1900361CD4 /* XCRemoteSwiftPackageReference "Sextant" */ = {
			isa = XCRemoteSwiftPackageReference;
			repositoryURL = "https://github.com/KittyMac/Sextant";
			requirement = {
				kind = upToNextMajorVersion;
				minimumVersion = 0.4.0;
			};
		};
		CA0000252E091F1900361CD4 /* XCRemoteSwiftPackageReference "Kingfisher" */ = {
			isa = XCRemoteSwiftPackageReference;
			repositoryURL = "https://github.com/onevcat/Kingfisher";
			requirement = {
				kind = upToNextMajorVersion;
				minimumVersion = 7.0.0;
			};
		};
		CA0000262E091F1900361CD4 /* XCRemoteSwiftPackageReference "ZIPFoundation" */ = {
			isa = XCRemoteSwiftPackageReference;
			repositoryURL = "https://github.com/weichsel/ZIPFoundation";
			requirement = {
				kind = upToNextMajorVersion;
				minimumVersion = 0.9.0;
			};
		};
		CA0000272E091F1900361CD4 /* XCRemoteSwiftPackageReference "GRDB" */ = {
			isa = XCRemoteSwiftPackageReference;
			repositoryURL = "https://github.com/groue/GRDB.swift";
			requirement = {
				kind = upToNextMajorVersion;
				minimumVersion = 6.0.0;
			};
		};
		CA0000282E091F1900361CD4 /* XCRemoteSwiftPackageReference "CocoaLumberjack" */ = {
			isa = XCRemoteSwiftPackageReference;
			repositoryURL = "https://github.com/CocoaLumberjack/CocoaLumberjack";
			requirement = {
				kind = upToNextMajorVersion;
				minimumVersion = 3.9.0;
			};
		};
/* End XCRemoteSwiftPackageReference section */

/* Begin XCSwiftPackageProductDependency section */
		CA0000112E091F1900361CD4 /* Alamofire */ = {
			isa = XCSwiftPackageProductDependency;
			package = CA0000212E091F1900361CD4 /* XCRemoteSwiftPackageReference "Alamofire" */;
			productName = Alamofire;
		};
		CA0000122E091F1900361CD4 /* SwiftSoup */ = {
			isa = XCSwiftPackageProductDependency;
			package = CA0000222E091F1900361CD4 /* XCRemoteSwiftPackageReference "SwiftSoup" */;
			productName = SwiftSoup;
		};
		CA0000132E091F1900361CD4 /* Fuzi */ = {
			isa = XCSwiftPackageProductDependency;
			package = CA0000232E091F1900361CD4 /* XCRemoteSwiftPackageReference "Fuzi" */;
			productName = Fuzi;
		};
		CA0000142E091F1900361CD4 /* Sextant */ = {
			isa = XCSwiftPackageProductDependency;
			package = CA0000242E091F1900361CD4 /* XCRemoteSwiftPackageReference "Sextant" */;
			productName = Sextant;
		};
		CA0000152E091F1900361CD4 /* Kingfisher */ = {
			isa = XCSwiftPackageProductDependency;
			package = CA0000252E091F1900361CD4 /* XCRemoteSwiftPackageReference "Kingfisher" */;
			productName = Kingfisher;
		};
		CA0000162E091F1900361CD4 /* ZIPFoundation */ = {
			isa = XCSwiftPackageProductDependency;
			package = CA0000262E091F1900361CD4 /* XCRemoteSwiftPackageReference "ZIPFoundation" */;
			productName = ZIPFoundation;
		};
		CA0000172E091F1900361CD4 /* GRDB */ = {
			isa = XCSwiftPackageProductDependency;
			package = CA0000272E091F1900361CD4 /* XCRemoteSwiftPackageReference "GRDB" */;
			productName = GRDB;
		};
		CA0000182E091F1900361CD4 /* CocoaLumberjack */ = {
			isa = XCSwiftPackageProductDependency;
			package = CA0000282E091F1900361CD4 /* XCRemoteSwiftPackageReference "CocoaLumberjack" */;
			productName = CocoaLumberjack;
		};
/* End XCSwiftPackageProductDependency section */
	};
	rootObject = 96987AA72E091F1900361CD4 /* Project object */;
}
